
Microsoft Visual Studio Solution File, Format Version 12.00
# Visual Studio 15
VisualStudioVersion = 15.0.28307.489
MinimumVisualStudioVersion = 10.0.40219.1
Project("{FAE04EC0-301F-11D3-BF4B-00C04F79EFBC}") = "FitnessPizzaSite", "FitnessPizzaSite\FitnessPizzaSite.csproj", "{B61E1B64-A4B4-4A4C-B41A-D80F3A117565}"
EndProject
Global
	GlobalSection(SolutionConfigurationPlatforms) = preSolution
		Debug|Any CPU = Debug|Any CPU
		Release|Any CPU = Release|Any CPU
	EndGlobalSection
	GlobalSection(ProjectConfigurationPlatforms) = postSolution
		{B61E1B64-A4B4-4A4C-B41A-D80F3A117565}.Debug|Any CPU.ActiveCfg = Debug|Any CPU
		{B61E1B64-A4B4-4A4C-B41A-D80F3A117565}.Debug|Any CPU.Build.0 = Debug|Any CPU
		{B61E1B64-A4B4-4A4C-B41A-D80F3A117565}.Release|Any CPU.ActiveCfg = Release|Any CPU
		{B61E1B64-A4B4-4A4C-B41A-D80F3A117565}.Release|Any CPU.Build.0 = Release|Any CPU
	EndGlobalSection
	GlobalSection(SolutionProperties) = preSolution
		HideSolutionNode = FALSE
	EndGlobalSection
	GlobalSection(ExtensibilityGlobals) = postSolution
		SolutionGuid = {7F596C96-ECB6-4650-AC24-664B93D9D9FB}
	EndGlobalSection
EndGlobal
